<Solution>
  <Folder Name="/Solution Items/">
    <File Path="CLAUDE.md" />
  </Folder>
  <Project Path="HiveMQClient/HiveMQClient.csproj" Id="3bc6b9e5-31c1-4a85-9abf-9ee614a1922b" />
  <Project Path="IMessageTransformer/IMessageTransformer.csproj" Id="0c69430e-8455-45a5-9506-0c439dae57d2" />
  <Project Path="LightGBMBinaryClassificationTrainer/LightGBMBinaryClassificationTrainer.csproj" Id="d7af12be-c4b7-4722-b472-0c45be4ccd11" />
  <Project Path="LightGBMDataGenerator/LightGBMDataGeneratorEvT.csproj" Id="502db263-74c1-404e-ab25-f68690565805" />
  <Project Path="LightGBMMultiClassClassificationTrainer/LightGBMMultiClassClassificationTrainer.csproj" Id="312f6b1d-aca8-4be9-ad35-5a7858163cd2" />
  <Project Path="LightGBMRegressionTrainer/LightGBMRegressionTrainer.csproj" Id="bbbf6e00-1b69-4fb2-ae00-530ca48a67d7" />
  <Project Path="MQTTChangePointDetection/MQTTChangePointDetection.csproj" />
  <Project Path="MQTTCLientCodeLoopback/MQTTCLientCodeLoopback.csproj" Id="631e6dcd-a635-4d0e-a6ea-302f56f1f704" />
  <Project Path="MQTTClientCSScriptDynamicLoadingLoopback/MQTTClientCSScriptDynamicLoadingLoopback.csproj" Id="3ed7de4f-cfc1-46ba-855c-7e267e39c41c" />
  <Project Path="MQTTClientCSScriptLoopback/MQTTClientCSScriptLoopback.csproj" Id="4ec2ca77-a732-4ce8-96f7-2b3cd785d748" />
  <Project Path="MQTTLightGbm/MQTTLightGBM.csproj" Id="dc6d5536-297b-455f-93d0-4dd30ed3d3a2" />
  <Project Path="MQTTDeviceSimulator/MQTTDeviceSimulator.csproj" Id="46330f3c-3fb8-4465-a32e-91420c3be254" />
  <Project Path="MQTTLivenessMonitor/MQTTLivenessMonitor.csproj" Id="f09a4c9f-94e5-4570-9f92-99f71aaf2ee1" />
  <Project Path="MQTTSpikeDetection/MQTTSpikeDetection.csproj" Id="85302985-e744-4dae-8771-eec5c5b3e171" />
  <Project Path="MQTTSRCNNSpikeDetection/MQTTSRCNNSpikeDetection.csproj" Id="c2964c26-b5b3-4da3-8cb0-5aa0571c60d7" />
  <Project Path="NFMQTTUltrasonicRanger/NFMQTTUltrasonicRanger.nfproj" Type="11a8dd76-328b-46df-9f39-f559912d0360" Id="ad763343-ea00-489f-8dbb-3597b3e6f4f4">
    <Deploy />
  </Project>
</Solution>
